{
  "name": "scope-chains-closures",
  "version": "1.0.0",
  "lockfileVersion": 1,
  "requires": true,
  "dependencies": {
    "@workshoppers/scope-chains-closures": {
      "version": "1.0.5",
      "resolved": "https://registry.npmjs.org/@workshoppers/scope-chains-closures/-/scope-chains-closures-1.0.5.tgz",
      "integrity": "sha512-0CnXRFoLeOAvREEQsF38EqjnDmUzUMkcLG1ej07fjA7NrWKZBfCCusBtLVCkGpNF5FESdBl64UzOWbK4akmUuQ==",
      "requires": {
        "adventure": "github:workshopper/adventure#22dd8b8af46f27f6a7d2f095498170fd1ff676a3",
        "adventure-verify": "^2.2.0",
        "babel-core": "^5.4.3",
        "escope": "^1.0.3",
        "estraverse": "^4.1.0",
        "msee": "^0.1.1"
      }
    },
    "abbrev": {
      "version": "1.1.1",
      "resolved": "https://registry.npmjs.org/abbrev/-/abbrev-1.1.1.tgz",
      "integrity": "sha512-nne9/IiQ/hzIhY6pdDnbBtz7DjPTKrY00P/zvPSm5pOFkl6xuGrGnXn/VtTNNfNtAfZ9/1RtehkszU9qcTii0Q=="
    },
    "acorn": {
      "version": "5.7.4",
      "resolved": "https://registry.npmjs.org/acorn/-/acorn-5.7.4.tgz",
      "integrity": "sha512-1D++VG7BhrtvQpNbBzovKNc1FLGGEE/oGe7b9xJm/RFHMBeUaUGpluV9RLjZa47YFdPcDAenEYuq9pQPcMdLJg=="
    },
    "adventure": {
      "version": "github:workshopper/adventure#22dd8b8af46f27f6a7d2f095498170fd1ff676a3",
      "from": "github:workshopper/adventure#22dd8b8af46f27f6a7d2f095498170fd1ff676a3",
      "requires": {
        "inherits": "~2.0.1",
        "minimist": "~0.2.0",
        "mkdirp": "~0.5.0",
        "split": "~0.3.0",
        "terminal-menu": "^2.1.1",
        "through2": "~0.5.1",
        "x256": "~0.0.1"
      }
    },
    "adventure-verify": {
      "version": "2.2.0",
      "resolved": "https://registry.npmjs.org/adventure-verify/-/adventure-verify-2.2.0.tgz",
      "integrity": "sha1-AxHUSEZJobFPoOBVR81pZnNGKvs=",
      "requires": {
        "tap-colorize": "^1.1.0",
        "tap-parser": "~0.5.0",
        "tape": "^2.13.2"
      }
    },
    "align-text": {
      "version": "0.1.4",
      "resolved": "https://registry.npmjs.org/align-text/-/align-text-0.1.4.tgz",
      "integrity": "sha1-DNkKVhCT810KmSVsIrcGlDP60Rc=",
      "requires": {
        "kind-of": "^3.0.2",
        "longest": "^1.0.1",
        "repeat-string": "^1.5.2"
      }
    },
    "alter": {
      "version": "0.2.0",
      "resolved": "https://registry.npmjs.org/alter/-/alter-0.2.0.tgz",
      "integrity": "sha1-x1iICGF1cgNKrmJICvJrHU0cs80=",
      "requires": {
        "stable": "~0.1.3"
      }
    },
    "amdefine": {
      "version": "1.0.1",
      "resolved": "https://registry.npmjs.org/amdefine/-/amdefine-1.0.1.tgz",
      "integrity": "sha1-SlKCrBZHKek2Gbz9OtFR+BfOkfU="
    },
    "ansi-regex": {
      "version": "2.1.1",
      "resolved": "https://registry.npmjs.org/ansi-regex/-/ansi-regex-2.1.1.tgz",
      "integrity": "sha1-w7M6te42DYbg5ijwRorn7yfWVN8="
    },
    "ansi-styles": {
      "version": "2.2.1",
      "resolved": "https://registry.npmjs.org/ansi-styles/-/ansi-styles-2.2.1.tgz",
      "integrity": "sha1-tDLdM1i2NM914eRmQ2gkBTPB3b4="
    },
    "ansicolors": {
      "version": "0.2.1",
      "resolved": "https://registry.npmjs.org/ansicolors/-/ansicolors-0.2.1.tgz",
      "integrity": "sha1-vgiVmQl7dKXJxKhKDNvNtivYeu8="
    },
    "ast-traverse": {
      "version": "0.1.1",
      "resolved": "https://registry.npmjs.org/ast-traverse/-/ast-traverse-0.1.1.tgz",
      "integrity": "sha1-ac8rg4bxnc2hux4F1o/jWdiJfeY="
    },
    "ast-types": {
      "version": "0.9.6",
      "resolved": "https://registry.npmjs.org/ast-types/-/ast-types-0.9.6.tgz",
      "integrity": "sha1-ECyenpAF0+fjgpvwxPok7oYu6bk="
    },
    "babel-core": {
      "version": "5.8.38",
      "resolved": "https://registry.npmjs.org/babel-core/-/babel-core-5.8.38.tgz",
      "integrity": "sha1-H8ruedfmG3ULALjlT238nQr4ZVg=",
      "requires": {
        "babel-plugin-constant-folding": "^1.0.1",
        "babel-plugin-dead-code-elimination": "^1.0.2",
        "babel-plugin-eval": "^1.0.1",
        "babel-plugin-inline-environment-variables": "^1.0.1",
        "babel-plugin-jscript": "^1.0.4",
        "babel-plugin-member-expression-literals": "^1.0.1",
        "babel-plugin-property-literals": "^1.0.1",
        "babel-plugin-proto-to-assign": "^1.0.3",
        "babel-plugin-react-constant-elements": "^1.0.3",
        "babel-plugin-react-display-name": "^1.0.3",
        "babel-plugin-remove-console": "^1.0.1",
        "babel-plugin-remove-debugger": "^1.0.1",
        "babel-plugin-runtime": "^1.0.7",
        "babel-plugin-undeclared-variables-check": "^1.0.2",
        "babel-plugin-undefined-to-void": "^1.1.6",
        "babylon": "^5.8.38",
        "bluebird": "^2.9.33",
        "chalk": "^1.0.0",
        "convert-source-map": "^1.1.0",
        "core-js": "^1.0.0",
        "debug": "^2.1.1",
        "detect-indent": "^3.0.0",
        "esutils": "^2.0.0",
        "fs-readdir-recursive": "^0.1.0",
        "globals": "^6.4.0",
        "home-or-tmp": "^1.0.0",
        "is-integer": "^1.0.4",
        "js-tokens": "1.0.1",
        "json5": "^0.4.0",
        "lodash": "^3.10.0",
        "minimatch": "^2.0.3",
        "output-file-sync": "^1.1.0",
        "path-exists": "^1.0.0",
        "path-is-absolute": "^1.0.0",
        "private": "^0.1.6",
        "regenerator": "0.8.40",
        "regexpu": "^1.3.0",
        "repeating": "^1.1.2",
        "resolve": "^1.1.6",
        "shebang-regex": "^1.0.0",
        "slash": "^1.0.0",
        "source-map": "^0.5.0",
        "source-map-support": "^0.2.10",
        "to-fast-properties": "^1.0.0",
        "trim-right": "^1.0.0",
        "try-resolve": "^1.0.0"
      },
      "dependencies": {
        "minimatch": {
          "version": "2.0.10",
          "resolved": "https://registry.npmjs.org/minimatch/-/minimatch-2.0.10.tgz",
          "integrity": "sha1-jQh8OcazjAAbl/ynzm0OHoCvusc=",
          "requires": {
            "brace-expansion": "^1.0.0"
          }
        }
      }
    },
    "babel-plugin-constant-folding": {
      "version": "1.0.1",
      "resolved": "https://registry.npmjs.org/babel-plugin-constant-folding/-/babel-plugin-constant-folding-1.0.1.tgz",
      "integrity": "sha1-g2HTZMmORJw2kr26Ue/whEKQqo4="
    },
    "babel-plugin-dead-code-elimination": {
      "version": "1.0.2",
      "resolved": "https://registry.npmjs.org/babel-plugin-dead-code-elimination/-/babel-plugin-dead-code-elimination-1.0.2.tgz",
      "integrity": "sha1-X3xFEnTc18zNv7s+C4XdKBIfD2U="
    },
    "babel-plugin-eval": {
      "version": "1.0.1",
      "resolved": "https://registry.npmjs.org/babel-plugin-eval/-/babel-plugin-eval-1.0.1.tgz",
      "integrity": "sha1-ovrtJc5r5preS/7CY/cBaRlZUNo="
    },
    "babel-plugin-inline-environment-variables": {
      "version": "1.0.1",
      "resolved": "https://registry.npmjs.org/babel-plugin-inline-environment-variables/-/babel-plugin-inline-environment-variables-1.0.1.tgz",
      "integrity": "sha1-H1jOkSB61qgmqL9kX6/mj/X+P/4="
    },
    "babel-plugin-jscript": {
      "version": "1.0.4",
      "resolved": "https://registry.npmjs.org/babel-plugin-jscript/-/babel-plugin-jscript-1.0.4.tgz",
      "integrity": "sha1-jzQsOCduh6R9X6CovT1etsytj8w="
    },
    "babel-plugin-member-expression-literals": {
      "version": "1.0.1",
      "resolved": "https://registry.npmjs.org/babel-plugin-member-expression-literals/-/babel-plugin-member-expression-literals-1.0.1.tgz",
      "integrity": "sha1-zF7bD6qNyScXDnTW0cAkQAIWJNM="
    },
    "babel-plugin-property-literals": {
      "version": "1.0.1",
      "resolved": "https://registry.npmjs.org/babel-plugin-property-literals/-/babel-plugin-property-literals-1.0.1.tgz",
      "integrity": "sha1-AlIwGQAZKYCxwRjv6kjOk6q4MzY="
    },
    "babel-plugin-proto-to-assign": {
      "version": "1.0.4",
      "resolved": "https://registry.npmjs.org/babel-plugin-proto-to-assign/-/babel-plugin-proto-to-assign-1.0.4.tgz",
      "integrity": "sha1-xJ56/QL1d7xNoF6i3wAiUM980SM=",
      "requires": {
        "lodash": "^3.9.3"
      }
    },
    "babel-plugin-react-constant-elements": {
      "version": "1.0.3",
      "resolved": "https://registry.npmjs.org/babel-plugin-react-constant-elements/-/babel-plugin-react-constant-elements-1.0.3.tgz",
      "integrity": "sha1-lGc26DeEKcvDSdz/YvUcFDs041o="
    },
    "babel-plugin-react-display-name": {
      "version": "1.0.3",
      "resolved": "https://registry.npmjs.org/babel-plugin-react-display-name/-/babel-plugin-react-display-name-1.0.3.tgz",
      "integrity": "sha1-dU/jiSboQkpOexWrbqYTne4FFPw="
    },
    "babel-plugin-remove-console": {
      "version": "1.0.1",
      "resolved": "https://registry.npmjs.org/babel-plugin-remove-console/-/babel-plugin-remove-console-1.0.1.tgz",
      "integrity": "sha1-2PJFVsOgUAXUKqqv0neH9T/wE6c="
    },
    "babel-plugin-remove-debugger": {
      "version": "1.0.1",
      "resolved": "https://registry.npmjs.org/babel-plugin-remove-debugger/-/babel-plugin-remove-debugger-1.0.1.tgz",
      "integrity": "sha1-/S6jzWGkKK0fO5yJiC/0KT6MFMc="
    },
    "babel-plugin-runtime": {
      "version": "1.0.7",
      "resolved": "https://registry.npmjs.org/babel-plugin-runtime/-/babel-plugin-runtime-1.0.7.tgz",
      "integrity": "sha1-v3x9lm3Vbs1cF/ocslPJrLflSq8="
    },
    "babel-plugin-undeclared-variables-check": {
      "version": "1.0.2",
      "resolved": "https://registry.npmjs.org/babel-plugin-undeclared-variables-check/-/babel-plugin-undeclared-variables-check-1.0.2.tgz",
      "integrity": "sha1-XPGqU52BP/ZOmWQSkK9iCWX2Xe4=",
      "requires": {
        "leven": "^1.0.2"
      }
    },
    "babel-plugin-undefined-to-void": {
      "version": "1.1.6",
      "resolved": "https://registry.npmjs.org/babel-plugin-undefined-to-void/-/babel-plugin-undefined-to-void-1.1.6.tgz",
      "integrity": "sha1-f1eO+LeN+uYAM4XYQXph7aBuL4E="
    },
    "babylon": {
      "version": "5.8.38",
      "resolved": "https://registry.npmjs.org/babylon/-/babylon-5.8.38.tgz",
      "integrity": "sha1-7JsSCxG/bM1Bc6GL8hfmC3mFn/0="
    },
    "balanced-match": {
      "version": "1.0.0",
      "resolved": "https://registry.npmjs.org/balanced-match/-/balanced-match-1.0.0.tgz",
      "integrity": "sha1-ibTRmasr7kneFk6gK4nORi1xt2c="
    },
    "bluebird": {
      "version": "2.11.0",
      "resolved": "https://registry.npmjs.org/bluebird/-/bluebird-2.11.0.tgz",
      "integrity": "sha1-U0uQM8AiyVecVro7Plpcqvu2UOE="
    },
    "brace-expansion": {
      "version": "1.1.11",
      "resolved": "https://registry.npmjs.org/brace-expansion/-/brace-expansion-1.1.11.tgz",
      "integrity": "sha512-iCuPHDFgrHX7H2vEI/5xpz07zSHB00TpugqhmYtVmMO6518mCuRMoOYFldEBl0g187ufozdaHgWKcYFb61qGiA==",
      "requires": {
        "balanced-match": "^1.0.0",
        "concat-map": "0.0.1"
      }
    },
    "breakable": {
      "version": "1.0.0",
      "resolved": "https://registry.npmjs.org/breakable/-/breakable-1.0.0.tgz",
      "integrity": "sha1-eEp5eRWjjq0nutRWtVcstLuqeME="
    },
    "camelcase": {
      "version": "1.2.1",
      "resolved": "https://registry.npmjs.org/camelcase/-/camelcase-1.2.1.tgz",
      "integrity": "sha1-m7UwTS4LVmmLLHWLCKPqqdqlijk="
    },
    "cardinal": {
      "version": "0.5.0",
      "resolved": "https://registry.npmjs.org/cardinal/-/cardinal-0.5.0.tgz",
      "integrity": "sha1-ANX2YdvUqr/ffUHOSKWlm8o1opE=",
      "requires": {
        "ansicolors": "~0.2.1",
        "redeyed": "~0.5.0"
      }
    },
    "center-align": {
      "version": "0.1.3",
      "resolved": "https://registry.npmjs.org/center-align/-/center-align-0.1.3.tgz",
      "integrity": "sha1-qg0yYptu6XIgBBHL1EYckHvCt60=",
      "requires": {
        "align-text": "^0.1.3",
        "lazy-cache": "^1.0.3"
      }
    },
    "chalk": {
      "version": "1.1.3",
      "resolved": "https://registry.npmjs.org/chalk/-/chalk-1.1.3.tgz",
      "integrity": "sha1-qBFcVeSnAv5NFQq9OHKCKn4J/Jg=",
      "requires": {
        "ansi-styles": "^2.2.1",
        "escape-string-regexp": "^1.0.2",
        "has-ansi": "^2.0.0",
        "strip-ansi": "^3.0.0",
        "supports-color": "^2.0.0"
      }
    },
    "charm": {
      "version": "0.1.2",
      "resolved": "https://registry.npmjs.org/charm/-/charm-0.1.2.tgz",
      "integrity": "sha1-BsIe7RobBq62dVPNxT4jJ0usIpY="
    },
    "cliui": {
      "version": "2.1.0",
      "resolved": "https://registry.npmjs.org/cliui/-/cliui-2.1.0.tgz",
      "integrity": "sha1-S0dXYP+AJkx2LDoXGQMukcf+oNE=",
      "requires": {
        "center-align": "^0.1.1",
        "right-align": "^0.1.1",
        "wordwrap": "0.0.2"
      }
    },
    "colornames": {
      "version": "0.0.2",
      "resolved": "https://registry.npmjs.org/colornames/-/colornames-0.0.2.tgz",
      "integrity": "sha1-2BH9bIT1kClJmorEQ2ICk1uSvjE="
    },
    "commander": {
      "version": "2.20.3",
      "resolved": "https://registry.npmjs.org/commander/-/commander-2.20.3.tgz",
      "integrity": "sha512-GpVkmM8vF2vQUkj2LvZmD35JxeJOLCwJ9cUkugyk2nuhbv3+mJvpLYYt+0+USMxE+oj+ey/lJEnhZw75x/OMcQ=="
    },
    "commoner": {
      "version": "0.10.8",
      "resolved": "https://registry.npmjs.org/commoner/-/commoner-0.10.8.tgz",
      "integrity": "sha1-NPw2cs0kOT6LtH5wyqApOBH08sU=",
      "requires": {
        "commander": "^2.5.0",
        "detective": "^4.3.1",
        "glob": "^5.0.15",
        "graceful-fs": "^4.1.2",
        "iconv-lite": "^0.4.5",
        "mkdirp": "^0.5.0",
        "private": "^0.1.6",
        "q": "^1.1.2",
        "recast": "^0.11.17"
      },
      "dependencies": {
        "esprima": {
          "version": "3.1.3",
          "resolved": "https://registry.npmjs.org/esprima/-/esprima-3.1.3.tgz",
          "integrity": "sha1-/cpRzuYTOJXjyI1TXOSdv/YqRjM="
        },
        "glob": {
          "version": "5.0.15",
          "resolved": "https://registry.npmjs.org/glob/-/glob-5.0.15.tgz",
          "integrity": "sha1-G8k2ueAvSmA/zCIuz3Yz0wuLk7E=",
          "requires": {
            "inflight": "^1.0.4",
            "inherits": "2",
            "minimatch": "2 || 3",
            "once": "^1.3.0",
            "path-is-absolute": "^1.0.0"
          }
        },
        "minimatch": {
          "version": "3.0.4",
          "resolved": "https://registry.npmjs.org/minimatch/-/minimatch-3.0.4.tgz",
          "integrity": "sha512-yJHVQEhyqPLUTgt9B83PXu6W3rx4MvvHvSUvToogpwoGDOUQ+yDrR0HRot+yOCdCO7u4hX3pWft6kWBBcqh0UA==",
          "requires": {
            "brace-expansion": "^1.1.7"
          }
        },
        "recast": {
          "version": "0.11.23",
          "resolved": "https://registry.npmjs.org/recast/-/recast-0.11.23.tgz",
          "integrity": "sha1-RR/TAEqx5N+bTktmN2sqIZEkYtM=",
          "requires": {
            "ast-types": "0.9.6",
            "esprima": "~3.1.0",
            "private": "~0.1.5",
            "source-map": "~0.5.0"
          }
        }
      }
    },
    "concat-map": {
      "version": "0.0.1",
      "resolved": "https://registry.npmjs.org/concat-map/-/concat-map-0.0.1.tgz",
      "integrity": "sha1-2Klr13/Wjfd5OnMDajug1UBdR3s="
    },
    "convert-source-map": {
      "version": "1.7.0",
      "resolved": "https://registry.npmjs.org/convert-source-map/-/convert-source-map-1.7.0.tgz",
      "integrity": "sha512-4FJkXzKXEDB1snCFZlLP4gpC3JILicCpGbzG9f9G7tGqGCzETQ2hWPrcinA9oU4wtf2biUaEH5065UnMeR33oA==",
      "requires": {
        "safe-buffer": "~5.1.1"
      }
    },
    "core-js": {
      "version": "1.2.7",
      "resolved": "https://registry.npmjs.org/core-js/-/core-js-1.2.7.tgz",
      "integrity": "sha1-ZSKUwUZR2yj6k70tX/KYOk8IxjY="
    },
    "core-util-is": {
      "version": "1.0.2",
      "resolved": "https://registry.npmjs.org/core-util-is/-/core-util-is-1.0.2.tgz",
      "integrity": "sha1-tf1UIgqivFq1eqtxQMlAdUUDwac="
    },
    "debug": {
      "version": "2.6.9",
      "resolved": "https://registry.npmjs.org/debug/-/debug-2.6.9.tgz",
      "integrity": "sha512-bC7ElrdJaJnPbAP+1EotYvqZsb3ecl5wi6Bfi6BJTUcNowp6cvspg0jXznRTKDjm/E7AdgFBVeAPVMNcKGsHMA==",
      "requires": {
        "ms": "2.0.0"
      }
    },
    "decamelize": {
      "version": "1.2.0",
      "resolved": "https://registry.npmjs.org/decamelize/-/decamelize-1.2.0.tgz",
      "integrity": "sha1-9lNNFRSCabIDUue+4m9QH5oZEpA="
    },
    "deep-equal": {
      "version": "0.2.2",
      "resolved": "https://registry.npmjs.org/deep-equal/-/deep-equal-0.2.2.tgz",
      "integrity": "sha1-hLdFiW80xoTpjyzg5Cq69Du6AX0="
    },
    "defined": {
      "version": "0.0.0",
      "resolved": "https://registry.npmjs.org/defined/-/defined-0.0.0.tgz",
      "integrity": "sha1-817qfXBekzuvE7LwOz+D2SFAOz4="
    },
    "defs": {
      "version": "1.1.1",
      "resolved": "https://registry.npmjs.org/defs/-/defs-1.1.1.tgz",
      "integrity": "sha1-siYJ8sehG6ej2xFoBcE5scr/qdI=",
      "requires": {
        "alter": "~0.2.0",
        "ast-traverse": "~0.1.1",
        "breakable": "~1.0.0",
        "esprima-fb": "~15001.1001.0-dev-harmony-fb",
        "simple-fmt": "~0.1.0",
        "simple-is": "~0.2.0",
        "stringmap": "~0.2.2",
        "stringset": "~0.2.1",
        "tryor": "~0.1.2",
        "yargs": "~3.27.0"
      }
    },
    "detect-indent": {
      "version": "3.0.1",
      "resolved": "https://registry.npmjs.org/detect-indent/-/detect-indent-3.0.1.tgz",
      "integrity": "sha1-ncXl3bzu+DJXZLlFGwK8bVQIT3U=",
      "requires": {
        "get-stdin": "^4.0.1",
        "minimist": "^1.1.0",
        "repeating": "^1.1.0"
      },
      "dependencies": {
        "minimist": {
          "version": "1.2.5",
          "resolved": "https://registry.npmjs.org/minimist/-/minimist-1.2.5.tgz",
          "integrity": "sha512-FM9nNUYrRBAELZQT3xeZQ7fmMOBg6nWNmJKTcgsJeaLstP/UODVpGsr5OhXhhXg6f+qtJ8uiZ+PUxkDWcgIXLw=="
        }
      }
    },
    "detective": {
      "version": "4.7.1",
      "resolved": "https://registry.npmjs.org/detective/-/detective-4.7.1.tgz",
      "integrity": "sha512-H6PmeeUcZloWtdt4DAkFyzFL94arpHr3NOwwmVILFiy+9Qd4JTxxXrzfyGk/lmct2qVGBwTSwSXagqu2BxmWig==",
      "requires": {
        "acorn": "^5.2.1",
        "defined": "^1.0.0"
      },
      "dependencies": {
        "defined": {
          "version": "1.0.0",
          "resolved": "https://registry.npmjs.org/defined/-/defined-1.0.0.tgz",
          "integrity": "sha1-yY2bzvdWdBiOEQlpFRGZ45sfppM="
        }
      }
    },
    "duplexer": {
      "version": "0.1.2",
      "resolved": "https://registry.npmjs.org/duplexer/-/duplexer-0.1.2.tgz",
      "integrity": "sha512-jtD6YG370ZCIi/9GTaJKQxWTZD045+4R4hTk/x1UyoqadyJ9x9CgSi1RlVDQF8U2sxLLSnFkCaMihqljHIWgMg=="
    },
    "duplexer2": {
      "version": "0.0.2",
      "resolved": "https://registry.npmjs.org/duplexer2/-/duplexer2-0.0.2.tgz",
      "integrity": "sha1-xhTc9n4vsUmVqRcR5aYX6KYKMds=",
      "requires": {
        "readable-stream": "~1.1.9"
      }
    },
    "escape-string-regexp": {
      "version": "1.0.5",
      "resolved": "https://registry.npmjs.org/escape-string-regexp/-/escape-string-regexp-1.0.5.tgz",
      "integrity": "sha1-G2HAViGQqN/2rjuyzwIAyhMLhtQ="
    },
    "escope": {
      "version": "1.0.3",
      "resolved": "https://registry.npmjs.org/escope/-/escope-1.0.3.tgz",
      "integrity": "sha1-dZ3OhJbEJI/sLQyq9BCLzz8af10=",
      "requires": {
        "estraverse": "^2.0.0"
      },
      "dependencies": {
        "estraverse": {
          "version": "2.0.0",
          "resolved": "https://registry.npmjs.org/estraverse/-/estraverse-2.0.0.tgz",
          "integrity": "sha1-WuRpYyQ2ACBmdMyySgnhZnT83KE="
        }
      }
    },
    "esprima-fb": {
      "version": "15001.1001.0-dev-harmony-fb",
      "resolved": "https://registry.npmjs.org/esprima-fb/-/esprima-fb-15001.1001.0-dev-harmony-fb.tgz",
      "integrity": "sha1-Q761fsJujPI3092LM+QlM1d/Jlk="
    },
    "estraverse": {
      "version": "4.3.0",
      "resolved": "https://registry.npmjs.org/estraverse/-/estraverse-4.3.0.tgz",
      "integrity": "sha512-39nnKffWz8xN1BU/2c79n9nB9HDzo0niYUqx6xyqUnyoAnQyyWpOTdZEeiCch8BBu515t4wp9ZmgVfVhn9EBpw=="
    },
    "esutils": {
      "version": "2.0.3",
      "resolved": "https://registry.npmjs.org/esutils/-/esutils-2.0.3.tgz",
      "integrity": "sha512-kVscqXk4OCp68SZ0dkgEKVi6/8ij300KBWTJq32P/dYeWTSwK41WyTxalN1eRmA5Z9UU/LX9D7FWSmV9SAYx6g=="
    },
    "fs-readdir-recursive": {
      "version": "0.1.2",
      "resolved": "https://registry.npmjs.org/fs-readdir-recursive/-/fs-readdir-recursive-0.1.2.tgz",
      "integrity": "sha1-MVtPuMHKW4xH3v7zGdBz2tNWgFk="
    },
    "function-bind": {
      "version": "1.1.1",
      "resolved": "https://registry.npmjs.org/function-bind/-/function-bind-1.1.1.tgz",
      "integrity": "sha512-yIovAzMX49sF8Yl58fSCWJ5svSLuaibPxXQJFLmBObTuCr0Mf1KiPopGM9NiFjiYBCbfaa2Fh6breQ6ANVTI0A=="
    },
    "get-stdin": {
      "version": "4.0.1",
      "resolved": "https://registry.npmjs.org/get-stdin/-/get-stdin-4.0.1.tgz",
      "integrity": "sha1-uWjGsKBDhDJJAui/Gl3zJXmkUP4="
    },
    "glob": {
      "version": "3.2.11",
      "resolved": "https://registry.npmjs.org/glob/-/glob-3.2.11.tgz",
      "integrity": "sha1-Spc/Y1uRkPcV0QmH1cAP0oFevj0=",
      "requires": {
        "inherits": "2",
        "minimatch": "0.3"
      }
    },
    "globals": {
      "version": "6.4.1",
      "resolved": "https://registry.npmjs.org/globals/-/globals-6.4.1.tgz",
      "integrity": "sha1-hJgDKzttHMge68X3lpDY/in6v08="
    },
    "graceful-fs": {
      "version": "4.2.4",
      "resolved": "https://registry.npmjs.org/graceful-fs/-/graceful-fs-4.2.4.tgz",
      "integrity": "sha512-WjKPNJF79dtJAVniUlGGWHYGz2jWxT6VhN/4m1NdkbZ2nOsEF+cI1Edgql5zCRhs/VsQYRvrXctxktVXZUkixw=="
    },
    "has": {
      "version": "0.0.1",
      "resolved": "https://registry.npmjs.org/has/-/has-0.0.1.tgz",
      "integrity": "sha1-ZmOcFOr1WfE52ivg5DiRDvP9Wxs="
    },
    "has-ansi": {
      "version": "2.0.0",
      "resolved": "https://registry.npmjs.org/has-ansi/-/has-ansi-2.0.0.tgz",
      "integrity": "sha1-NPUEnOHs3ysGSa8+8k5F7TVBbZE=",
      "requires": {
        "ansi-regex": "^2.0.0"
      }
    },
    "has-color": {
      "version": "0.1.7",
      "resolved": "https://registry.npmjs.org/has-color/-/has-color-0.1.7.tgz",
      "integrity": "sha1-ZxRKUmDDT8PMpnfQQdr1L+e3iy8="
    },
    "home-or-tmp": {
      "version": "1.0.0",
      "resolved": "https://registry.npmjs.org/home-or-tmp/-/home-or-tmp-1.0.0.tgz",
      "integrity": "sha1-S58eQIAMPlDGwn94FnavzOcfOYU=",
      "requires": {
        "os-tmpdir": "^1.0.1",
        "user-home": "^1.1.1"
      }
    },
    "iconv-lite": {
      "version": "0.4.24",
      "resolved": "https://registry.npmjs.org/iconv-lite/-/iconv-lite-0.4.24.tgz",
      "integrity": "sha512-v3MXnZAcvnywkTUEZomIActle7RXXeedOR31wwl7VlyoXO4Qi9arvSenNQWne1TcRwhCL1HwLI21bEqdpj8/rA==",
      "requires": {
        "safer-buffer": ">= 2.1.2 < 3"
      }
    },
    "inflight": {
      "version": "1.0.6",
      "resolved": "https://registry.npmjs.org/inflight/-/inflight-1.0.6.tgz",
      "integrity": "sha1-Sb1jMdfQLQwJvJEKEHW6gWW1bfk=",
      "requires": {
        "once": "^1.3.0",
        "wrappy": "1"
      }
    },
    "inherits": {
      "version": "2.0.4",
      "resolved": "https://registry.npmjs.org/inherits/-/inherits-2.0.4.tgz",
      "integrity": "sha512-k/vGaX4/Yla3WzyMCvTQOXYeIHvqOKtnqBduzTHpzpQZzAskKMhZ2K+EnBiSM9zGSoIFeMpXKxa4dYeZIQqewQ=="
    },
    "invert-kv": {
      "version": "1.0.0",
      "resolved": "https://registry.npmjs.org/invert-kv/-/invert-kv-1.0.0.tgz",
      "integrity": "sha1-EEqOSqym09jNFXqO+L+rLXo//bY="
    },
    "is-buffer": {
      "version": "1.1.6",
      "resolved": "https://registry.npmjs.org/is-buffer/-/is-buffer-1.1.6.tgz",
      "integrity": "sha512-NcdALwpXkTm5Zvvbk7owOUSvVvBKDgKP5/ewfXEznmQFfs4ZRmanOeKBTjRVjka3QFoN6XJ+9F3USqfHqTaU5w=="
    },
    "is-core-module": {
      "version": "2.2.0",
      "resolved": "https://registry.npmjs.org/is-core-module/-/is-core-module-2.2.0.tgz",
      "integrity": "sha512-XRAfAdyyY5F5cOXn7hYQDqh2Xmii+DEfIcQGxK/uNwMHhIkPWO0g8msXcbzLe+MpGoR951MlqM/2iIlU4vKDdQ==",
      "requires": {
        "has": "^1.0.3"
      },
      "dependencies": {
        "has": {
          "version": "1.0.3",
          "resolved": "https://registry.npmjs.org/has/-/has-1.0.3.tgz",
          "integrity": "sha512-f2dvO0VU6Oej7RkWJGrehjbzMAjFp5/VKPp5tTpWIV4JHHZK1/BxbFRtf/siA2SWTe09caDmVtYYzWEIbBS4zw==",
          "requires": {
            "function-bind": "^1.1.1"
          }
        }
      }
    },
    "is-finite": {
      "version": "1.1.0",
      "resolved": "https://registry.npmjs.org/is-finite/-/is-finite-1.1.0.tgz",
      "integrity": "sha512-cdyMtqX/BOqqNBBiKlIVkytNHm49MtMlYyn1zxzvJKWmFMlGzm+ry5BBfYyeY9YmNKbRSo/o7OX9w9ale0wg3w=="
    },
    "is-integer": {
      "version": "1.0.7",
      "resolved": "https://registry.npmjs.org/is-integer/-/is-integer-1.0.7.tgz",
      "integrity": "sha1-a96Bqs3feLZZtmKdYpytxRqIbVw=",
      "requires": {
        "is-finite": "^1.0.0"
      }
    },
    "isarray": {
      "version": "0.0.1",
      "resolved": "https://registry.npmjs.org/isarray/-/isarray-0.0.1.tgz",
      "integrity": "sha1-ihis/Kmo9Bd+Cav8YDiTmwXR7t8="
    },
    "js-tokens": {
      "version": "1.0.1",
      "resolved": "https://registry.npmjs.org/js-tokens/-/js-tokens-1.0.1.tgz",
      "integrity": "sha1-zENaXIuUrRWst5gxQPyAGCyJrq4="
    },
    "jsesc": {
      "version": "0.5.0",
      "resolved": "https://registry.npmjs.org/jsesc/-/jsesc-0.5.0.tgz",
      "integrity": "sha1-597mbjXW/Bb3EP6R1c9p9w8IkR0="
    },
    "json5": {
      "version": "0.4.0",
      "resolved": "https://registry.npmjs.org/json5/-/json5-0.4.0.tgz",
      "integrity": "sha1-BUNS5MTIDIbAkjh31EneF2pzLI0="
    },
    "kind-of": {
      "version": "3.2.2",
      "resolved": "https://registry.npmjs.org/kind-of/-/kind-of-3.2.2.tgz",
      "integrity": "sha1-MeohpzS6ubuw8yRm2JOupR5KPGQ=",
      "requires": {
        "is-buffer": "^1.1.5"
      }
    },
    "lazy-cache": {
      "version": "1.0.4",
      "resolved": "https://registry.npmjs.org/lazy-cache/-/lazy-cache-1.0.4.tgz",
      "integrity": "sha1-odePw6UEdMuAhF07O24dpJpEbo4="
    },
    "lcid": {
      "version": "1.0.0",
      "resolved": "https://registry.npmjs.org/lcid/-/lcid-1.0.0.tgz",
      "integrity": "sha1-MIrMr6C8SDo4Z7S28rlQYlHRuDU=",
      "requires": {
        "invert-kv": "^1.0.0"
      }
    },
    "leven": {
      "version": "1.0.2",
      "resolved": "https://registry.npmjs.org/leven/-/leven-1.0.2.tgz",
      "integrity": "sha1-kUS27ryl8dBoAWnxpncNzqYLdcM="
    },
    "lodash": {
      "version": "3.10.1",
      "resolved": "https://registry.npmjs.org/lodash/-/lodash-3.10.1.tgz",
      "integrity": "sha1-W/Rejkm6QYnhfUgnid/RW9FAt7Y="
    },
    "longest": {
      "version": "1.0.1",
      "resolved": "https://registry.npmjs.org/longest/-/longest-1.0.1.tgz",
      "integrity": "sha1-MKCy2jj3N3DoKUoNIuZiXtd9AJc="
    },
    "lru-cache": {
      "version": "2.7.3",
      "resolved": "https://registry.npmjs.org/lru-cache/-/lru-cache-2.7.3.tgz",
      "integrity": "sha1-bUUk6LlV+V1PW1iFHOId1y+06VI="
    },
    "marked": {
      "version": "0.3.19",
      "resolved": "https://registry.npmjs.org/marked/-/marked-0.3.19.tgz",
      "integrity": "sha512-ea2eGWOqNxPcXv8dyERdSr/6FmzvWwzjMxpfGB/sbMccXoct+xY+YukPD+QTUZwyvK7BZwcr4m21WBOW41pAkg=="
    },
    "minimatch": {
      "version": "0.3.0",
      "resolved": "https://registry.npmjs.org/minimatch/-/minimatch-0.3.0.tgz",
      "integrity": "sha1-J12O2qxPG7MyZHIInnlJyDlGmd0=",
      "requires": {
        "lru-cache": "2",
        "sigmund": "~1.0.0"
      }
    },
    "minimist": {
      "version": "0.2.1",
      "resolved": "https://registry.npmjs.org/minimist/-/minimist-0.2.1.tgz",
      "integrity": "sha512-GY8fANSrTMfBVfInqJAY41QkOM+upUTytK1jZ0c8+3HdHrJxBJ3rF5i9moClXTE8uUSnUo8cAsCoxDXvSY4DHg=="
    },
    "mkdirp": {
      "version": "0.5.5",
      "resolved": "https://registry.npmjs.org/mkdirp/-/mkdirp-0.5.5.tgz",
      "integrity": "sha512-NKmAlESf6jMGym1++R0Ra7wvhV+wFW63FaSOFPwRahvea0gMUcGUhVeAg/0BC0wiv9ih5NYPB1Wn1UEI1/L+xQ==",
      "requires": {
        "minimist": "^1.2.5"
      },
      "dependencies": {
        "minimist": {
          "version": "1.2.5",
          "resolved": "https://registry.npmjs.org/minimist/-/minimist-1.2.5.tgz",
          "integrity": "sha512-FM9nNUYrRBAELZQT3xeZQ7fmMOBg6nWNmJKTcgsJeaLstP/UODVpGsr5OhXhhXg6f+qtJ8uiZ+PUxkDWcgIXLw=="
        }
      }
    },
    "ms": {
      "version": "2.0.0",
      "resolved": "https://registry.npmjs.org/ms/-/ms-2.0.0.tgz",
      "integrity": "sha1-VgiurfwAvmwpAd9fmGF4jeDVl8g="
    },
    "msee": {
      "version": "0.1.2",
      "resolved": "https://registry.npmjs.org/msee/-/msee-0.1.2.tgz",
      "integrity": "sha1-8tHiDvlLjNRSQ/LVyBfpcUPwKG0=",
      "requires": {
        "cardinal": "^0.5.0",
        "chalk": "~0.4.0",
        "marked": "~0.3.0",
        "nopt": "~2.1.1",
        "xtend": "~2.1.1"
      },
      "dependencies": {
        "ansi-styles": {
          "version": "1.0.0",
          "resolved": "https://registry.npmjs.org/ansi-styles/-/ansi-styles-1.0.0.tgz",
          "integrity": "sha1-yxAt8cVvUSPquLZ817mAJ6AnkXg="
        },
        "chalk": {
          "version": "0.4.0",
          "resolved": "https://registry.npmjs.org/chalk/-/chalk-0.4.0.tgz",
          "integrity": "sha1-UZmj3c0MHv4jvAjBsCewYXbgxk8=",
          "requires": {
            "ansi-styles": "~1.0.0",
            "has-color": "~0.1.0",
            "strip-ansi": "~0.1.0"
          }
        },
        "strip-ansi": {
          "version": "0.1.1",
          "resolved": "https://registry.npmjs.org/strip-ansi/-/strip-ansi-0.1.1.tgz",
          "integrity": "sha1-OeipjQRNFQZgq+SmgIrPcLt7yZE="
        },
        "xtend": {
          "version": "2.1.2",
          "resolved": "https://registry.npmjs.org/xtend/-/xtend-2.1.2.tgz",
          "integrity": "sha1-bv7MKk2tjmlixJAbM3znuoe10os=",
          "requires": {
            "object-keys": "~0.4.0"
          }
        }
      }
    },
    "nopt": {
      "version": "2.1.2",
      "resolved": "https://registry.npmjs.org/nopt/-/nopt-2.1.2.tgz",
      "integrity": "sha1-bMzZd7gBMqB3MdbozljCyDA8+a8=",
      "requires": {
        "abbrev": "1"
      }
    },
    "object-assign": {
      "version": "4.1.1",
      "resolved": "https://registry.npmjs.org/object-assign/-/object-assign-4.1.1.tgz",
      "integrity": "sha1-IQmtx5ZYh8/AXLvUQsrIv7s2CGM="
    },
    "object-inspect": {
      "version": "1.9.0",
      "resolved": "https://registry.npmjs.org/object-inspect/-/object-inspect-1.9.0.tgz",
      "integrity": "sha512-i3Bp9iTqwhaLZBxGkRfo5ZbE07BQRT7MGu8+nNgwW9ItGp1TzCTw2DLEoWwjClxBjOFI/hWljTAmYGCEwmtnOw=="
    },
    "object-keys": {
      "version": "0.4.0",
      "resolved": "https://registry.npmjs.org/object-keys/-/object-keys-0.4.0.tgz",
      "integrity": "sha1-KKaq50KN0sOpLz2V8hM13SBOAzY="
    },
    "once": {
      "version": "1.4.0",
      "resolved": "https://registry.npmjs.org/once/-/once-1.4.0.tgz",
      "integrity": "sha1-WDsap3WWHUsROsF9nFC6753Xa9E=",
      "requires": {
        "wrappy": "1"
      }
    },
    "os-locale": {
      "version": "1.4.0",
      "resolved": "https://registry.npmjs.org/os-locale/-/os-locale-1.4.0.tgz",
      "integrity": "sha1-IPnxeuKe00XoveWDsT0gCYA8FNk=",
      "requires": {
        "lcid": "^1.0.0"
      }
    },
    "os-tmpdir": {
      "version": "1.0.2",
      "resolved": "https://registry.npmjs.org/os-tmpdir/-/os-tmpdir-1.0.2.tgz",
      "integrity": "sha1-u+Z0BseaqFxc/sdm/lc0VV36EnQ="
    },
    "output-file-sync": {
      "version": "1.1.2",
      "resolved": "https://registry.npmjs.org/output-file-sync/-/output-file-sync-1.1.2.tgz",
      "integrity": "sha1-0KM+7+YaIF+suQCS6CZZjVJFznY=",
      "requires": {
        "graceful-fs": "^4.1.4",
        "mkdirp": "^0.5.1",
        "object-assign": "^4.1.0"
      }
    },
    "path-exists": {
      "version": "1.0.0",
      "resolved": "https://registry.npmjs.org/path-exists/-/path-exists-1.0.0.tgz",
      "integrity": "sha1-1aiZjrce83p0w06w2eum6HjuoIE="
    },
    "path-is-absolute": {
      "version": "1.0.1",
      "resolved": "https://registry.npmjs.org/path-is-absolute/-/path-is-absolute-1.0.1.tgz",
      "integrity": "sha1-F0uSaHNVNP+8es5r9TpanhtcX18="
    },
    "path-parse": {
      "version": "1.0.6",
      "resolved": "https://registry.npmjs.org/path-parse/-/path-parse-1.0.6.tgz",
      "integrity": "sha512-GSmOT2EbHrINBf9SR7CDELwlJ8AENk3Qn7OikK4nFYAu3Ote2+JYNVvkpAEQm3/TLNEJFD/xZJjzyxg3KBWOzw=="
    },
    "private": {
      "version": "0.1.8",
      "resolved": "https://registry.npmjs.org/private/-/private-0.1.8.tgz",
      "integrity": "sha512-VvivMrbvd2nKkiG38qjULzlc+4Vx4wm/whI9pQD35YrARNnhxeiRktSOhSukRLFNlzg6Br/cJPet5J/u19r/mg=="
    },
    "q": {
      "version": "1.5.1",
      "resolved": "https://registry.npmjs.org/q/-/q-1.5.1.tgz",
      "integrity": "sha1-fjL3W0E4EpHQRhHxvxQQmsAGUdc="
    },
    "quotemeta": {
      "version": "0.0.0",
      "resolved": "https://registry.npmjs.org/quotemeta/-/quotemeta-0.0.0.tgz",
      "integrity": "sha1-UdOgbuD81uO1AdvSiQQ1Gtelo4w="
    },
    "readable-stream": {
      "version": "1.1.14",
      "resolved": "https://registry.npmjs.org/readable-stream/-/readable-stream-1.1.14.tgz",
      "integrity": "sha1-fPTFTvZI44EwhMY23SB54WbAgdk=",
      "requires": {
        "core-util-is": "~1.0.0",
        "inherits": "~2.0.1",
        "isarray": "0.0.1",
        "string_decoder": "~0.10.x"
      }
    },
    "recast": {
      "version": "0.10.33",
      "resolved": "https://registry.npmjs.org/recast/-/recast-0.10.33.tgz",
      "integrity": "sha1-lCgI96oBbx+nFCxGHX5XBKqo1pc=",
      "requires": {
        "ast-types": "0.8.12",
        "esprima-fb": "~15001.1001.0-dev-harmony-fb",
        "private": "~0.1.5",
        "source-map": "~0.5.0"
      },
      "dependencies": {
        "ast-types": {
          "version": "0.8.12",
          "resolved": "https://registry.npmjs.org/ast-types/-/ast-types-0.8.12.tgz",
          "integrity": "sha1-oNkOQ1G7iHcWyD/WN+v4GK9K38w="
        }
      }
    },
    "redeyed": {
      "version": "0.5.0",
      "resolved": "https://registry.npmjs.org/redeyed/-/redeyed-0.5.0.tgz",
      "integrity": "sha1-erAA5g7jh1rBFdKe2zLBQDxsJdE=",
      "requires": {
        "esprima-fb": "~12001.1.0-dev-harmony-fb"
      },
      "dependencies": {
        "esprima-fb": {
          "version": "12001.1.0-dev-harmony-fb",
          "resolved": "https://registry.npmjs.org/esprima-fb/-/esprima-fb-12001.1.0-dev-harmony-fb.tgz",
          "integrity": "sha1-2EQAOEupXOJnjGF60kp/QICNqRU="
        }
      }
    },
    "regenerate": {
      "version": "1.4.2",
      "resolved": "https://registry.npmjs.org/regenerate/-/regenerate-1.4.2.tgz",
      "integrity": "sha512-zrceR/XhGYU/d/opr2EKO7aRHUeiBI8qjtfHqADTwZd6Szfy16la6kqD0MIUs5z5hx6AaKa+PixpPrR289+I0A=="
    },
    "regenerator": {
      "version": "0.8.40",
      "resolved": "https://registry.npmjs.org/regenerator/-/regenerator-0.8.40.tgz",
      "integrity": "sha1-oORXxY69uuV1yfjNdRJ+k3VkNdg=",
      "requires": {
        "commoner": "~0.10.3",
        "defs": "~1.1.0",
        "esprima-fb": "~15001.1001.0-dev-harmony-fb",
        "private": "~0.1.5",
        "recast": "0.10.33",
        "through": "~2.3.8"
      }
    },
    "regexpu": {
      "version": "1.3.0",
      "resolved": "https://registry.npmjs.org/regexpu/-/regexpu-1.3.0.tgz",
      "integrity": "sha1-5TTcmRqeWEYFDJjebX3UpVyeoW0=",
      "requires": {
        "esprima": "^2.6.0",
        "recast": "^0.10.10",
        "regenerate": "^1.2.1",
        "regjsgen": "^0.2.0",
        "regjsparser": "^0.1.4"
      },
      "dependencies": {
        "esprima": {
          "version": "2.7.3",
          "resolved": "https://registry.npmjs.org/esprima/-/esprima-2.7.3.tgz",
          "integrity": "sha1-luO3DVd59q1JzQMmc9HDEnZ7pYE="
        }
      }
    },
    "regjsgen": {
      "version": "0.2.0",
      "resolved": "https://registry.npmjs.org/regjsgen/-/regjsgen-0.2.0.tgz",
      "integrity": "sha1-bAFq3qxVT3WCP+N6wFuS1aTtsfc="
    },
    "regjsparser": {
      "version": "0.1.5",
      "resolved": "https://registry.npmjs.org/regjsparser/-/regjsparser-0.1.5.tgz",
      "integrity": "sha1-fuj4Tcb6eS0/0K4ijSS9lJ6tIFw=",
      "requires": {
        "jsesc": "~0.5.0"
      }
    },
    "repeat-string": {
      "version": "1.6.1",
      "resolved": "https://registry.npmjs.org/repeat-string/-/repeat-string-1.6.1.tgz",
      "integrity": "sha1-jcrkcOHIirwtYA//Sndihtp15jc="
    },
    "repeating": {
      "version": "1.1.3",
      "resolved": "https://registry.npmjs.org/repeating/-/repeating-1.1.3.tgz",
      "integrity": "sha1-PUEUIYh3U3SU+X93+Xhfq4EPpKw=",
      "requires": {
        "is-finite": "^1.0.0"
      }
    },
    "resolve": {
      "version": "1.19.0",
      "resolved": "https://registry.npmjs.org/resolve/-/resolve-1.19.0.tgz",
      "integrity": "sha512-rArEXAgsBG4UgRGcynxWIWKFvh/XZCcS8UJdHhwy91zwAvCZIbcs+vAbflgBnNjYMs/i/i+/Ux6IZhML1yPvxg==",
      "requires": {
        "is-core-module": "^2.1.0",
        "path-parse": "^1.0.6"
      }
    },
    "resumer": {
      "version": "0.0.0",
      "resolved": "https://registry.npmjs.org/resumer/-/resumer-0.0.0.tgz",
      "integrity": "sha1-8ej0YeQGS6Oegq883CqMiT0HZ1k=",
      "requires": {
        "through": "~2.3.4"
      }
    },
    "right-align": {
      "version": "0.1.3",
      "resolved": "https://registry.npmjs.org/right-align/-/right-align-0.1.3.tgz",
      "integrity": "sha1-YTObci/mo1FWiSENJOFMlhSGE+8=",
      "requires": {
        "align-text": "^0.1.1"
      }
    },
    "safe-buffer": {
      "version": "5.1.2",
      "resolved": "https://registry.npmjs.org/safe-buffer/-/safe-buffer-5.1.2.tgz",
      "integrity": "sha512-Gd2UZBJDkXlY7GbJxfsE8/nvKkUEU1G38c1siN6QP6a9PT9MmHB8GnpscSmMJSoF8LOIrt8ud/wPtojys4G6+g=="
    },
    "safer-buffer": {
      "version": "2.1.2",
      "resolved": "https://registry.npmjs.org/safer-buffer/-/safer-buffer-2.1.2.tgz",
      "integrity": "sha512-YZo3K82SD7Riyi0E1EQPojLz7kpepnSQI9IyPbHHg1XXXevb5dJI7tpyN2ADxGcQbHG7vcyRHk0cbwqcQriUtg=="
    },
    "shebang-regex": {
      "version": "1.0.0",
      "resolved": "https://registry.npmjs.org/shebang-regex/-/shebang-regex-1.0.0.tgz",
      "integrity": "sha1-2kL0l0DAtC2yypcoVxyxkMmO/qM="
    },
    "sigmund": {
      "version": "1.0.1",
      "resolved": "https://registry.npmjs.org/sigmund/-/sigmund-1.0.1.tgz",
      "integrity": "sha1-P/IfGYytIXX587eBhT/ZTQ0ZtZA="
    },
    "simple-fmt": {
      "version": "0.1.0",
      "resolved": "https://registry.npmjs.org/simple-fmt/-/simple-fmt-0.1.0.tgz",
      "integrity": "sha1-GRv1ZqWeZTBILLJatTtKjchcOms="
    },
    "simple-is": {
      "version": "0.2.0",
      "resolved": "https://registry.npmjs.org/simple-is/-/simple-is-0.2.0.tgz",
      "integrity": "sha1-Krt1qt453rXMgVzhDmGRFkhQuvA="
    },
    "slash": {
      "version": "1.0.0",
      "resolved": "https://registry.npmjs.org/slash/-/slash-1.0.0.tgz",
      "integrity": "sha1-xB8vbDn8FtHNF61LXYlhFK5HDVU="
    },
    "source-map": {
      "version": "0.5.7",
      "resolved": "https://registry.npmjs.org/source-map/-/source-map-0.5.7.tgz",
      "integrity": "sha1-igOdLRAh0i0eoUyA2OpGi6LvP8w="
    },
    "source-map-support": {
      "version": "0.2.10",
      "resolved": "https://registry.npmjs.org/source-map-support/-/source-map-support-0.2.10.tgz",
      "integrity": "sha1-6lo5AKHByyUJagrozFwrSxDe09w=",
      "requires": {
        "source-map": "0.1.32"
      },
      "dependencies": {
        "source-map": {
          "version": "0.1.32",
          "resolved": "https://registry.npmjs.org/source-map/-/source-map-0.1.32.tgz",
          "integrity": "sha1-yLbBZ3l7pHQKjqMyUhYv8IWRsmY=",
          "requires": {
            "amdefine": ">=0.0.4"
          }
        }
      }
    },
    "split": {
      "version": "0.3.3",
      "resolved": "https://registry.npmjs.org/split/-/split-0.3.3.tgz",
      "integrity": "sha1-zQ7qXmOiEd//frDwkcQTPi0N0o8=",
      "requires": {
        "through": "2"
      }
    },
    "stable": {
      "version": "0.1.8",
      "resolved": "https://registry.npmjs.org/stable/-/stable-0.1.8.tgz",
      "integrity": "sha512-ji9qxRnOVfcuLDySj9qzhGSEFVobyt1kIOSkj1qZzYLzq7Tos/oUUWvotUPQLlrsidqsK6tBH89Bc9kL5zHA6w=="
    },
    "stream-combiner": {
      "version": "0.2.2",
      "resolved": "https://registry.npmjs.org/stream-combiner/-/stream-combiner-0.2.2.tgz",
      "integrity": "sha1-rsjLrBd7Vrb0+kec7YwZEs7lKFg=",
      "requires": {
        "duplexer": "~0.1.1",
        "through": "~2.3.4"
      }
    },
    "string_decoder": {
      "version": "0.10.31",
      "resolved": "https://registry.npmjs.org/string_decoder/-/string_decoder-0.10.31.tgz",
      "integrity": "sha1-YuIDvEF2bGwoyfyEMB2rHFMQ+pQ="
    },
    "stringmap": {
      "version": "0.2.2",
      "resolved": "https://registry.npmjs.org/stringmap/-/stringmap-0.2.2.tgz",
      "integrity": "sha1-VWwTeyWPlCuHdvWy71gqoGnX0bE="
    },
    "stringset": {
      "version": "0.2.1",
      "resolved": "https://registry.npmjs.org/stringset/-/stringset-0.2.1.tgz",
      "integrity": "sha1-7yWcTjSTRDd/zRyRPdLoSMnAQrU="
    },
    "strip-ansi": {
      "version": "3.0.1",
      "resolved": "https://registry.npmjs.org/strip-ansi/-/strip-ansi-3.0.1.tgz",
      "integrity": "sha1-ajhfuIU9lS1f8F0Oiq+UJ43GPc8=",
      "requires": {
        "ansi-regex": "^2.0.0"
      }
    },
    "supports-color": {
      "version": "2.0.0",
      "resolved": "https://registry.npmjs.org/supports-color/-/supports-color-2.0.0.tgz",
      "integrity": "sha1-U10EXOa2Nj+kARcIRimZXp3zJMc="
    },
    "tap-colorize": {
      "version": "1.2.0",
      "resolved": "https://registry.npmjs.org/tap-colorize/-/tap-colorize-1.2.0.tgz",
      "integrity": "sha1-zf+kQ8c9iNWks5TBKfhzTiwyuqs=",
      "requires": {
        "colornames": "~0.0.2",
        "minimist": "~0.2.0",
        "quotemeta": "0.0.0",
        "split": "~0.3.0",
        "stream-combiner": "~0.2.1",
        "through2": "~1.0.0",
        "x256": "~0.0.2"
      },
      "dependencies": {
        "through2": {
          "version": "1.0.0",
          "resolved": "https://registry.npmjs.org/through2/-/through2-1.0.0.tgz",
          "integrity": "sha1-JEXNjf50KF3uXa2gVeBXHQH/F6w=",
          "requires": {
            "readable-stream": "~1.1.10",
            "xtend": "~2.1.1"
          }
        },
        "xtend": {
          "version": "2.1.2",
          "resolved": "https://registry.npmjs.org/xtend/-/xtend-2.1.2.tgz",
          "integrity": "sha1-bv7MKk2tjmlixJAbM3znuoe10os=",
          "requires": {
            "object-keys": "~0.4.0"
          }
        }
      }
    },
    "tap-parser": {
      "version": "0.5.0",
      "resolved": "https://registry.npmjs.org/tap-parser/-/tap-parser-0.5.0.tgz",
      "integrity": "sha1-pD4k0DUKmv8eRohtYPCypRR2SeM=",
      "requires": {
        "inherits": "~2.0.1",
        "readable-stream": "~1.1.11"
      }
    },
    "tape": {
      "version": "2.14.1",
      "resolved": "https://registry.npmjs.org/tape/-/tape-2.14.1.tgz",
      "integrity": "sha1-j26y3QO3UKoFao3gGlRF5Z98nM4=",
      "requires": {
        "deep-equal": "~0.2.0",
        "defined": "~0.0.0",
        "glob": "^3.2.9",
        "has": "~0.0.1",
        "inherits": "^2.0.1",
        "object-inspect": "^1.0.0",
        "resumer": "~0.0.0",
        "through": "^2.3.4"
      }
    },
    "terminal-menu": {
      "version": "2.1.1",
      "resolved": "https://registry.npmjs.org/terminal-menu/-/terminal-menu-2.1.1.tgz",
      "integrity": "sha1-uQhiCAAARHtFYBFOLSqBEf7MOnk=",
      "requires": {
        "charm": "~0.1.2",
        "duplexer2": "0.0.2",
        "inherits": "~2.0.0",
        "resumer": "~0.0.0",
        "through2": "^0.6.3",
        "visualwidth": "~0.0.1"
      },
      "dependencies": {
        "readable-stream": {
          "version": "1.0.34",
          "resolved": "https://registry.npmjs.org/readable-stream/-/readable-stream-1.0.34.tgz",
          "integrity": "sha1-Elgg40vIQtLyqq+v5MKRbuMsFXw=",
          "requires": {
            "core-util-is": "~1.0.0",
            "inherits": "~2.0.1",
            "isarray": "0.0.1",
            "string_decoder": "~0.10.x"
          }
        },
        "through2": {
          "version": "0.6.5",
          "resolved": "https://registry.npmjs.org/through2/-/through2-0.6.5.tgz",
          "integrity": "sha1-QaucZ7KdVyCQcUEOHXp6lozTrUg=",
          "requires": {
            "readable-stream": ">=1.0.33-1 <1.1.0-0",
            "xtend": ">=4.0.0 <4.1.0-0"
          }
        }
      }
    },
    "through": {
      "version": "2.3.8",
      "resolved": "https://registry.npmjs.org/through/-/through-2.3.8.tgz",
      "integrity": "sha1-DdTJ/6q8NXlgsbckEV1+Doai4fU="
    },
    "through2": {
      "version": "0.5.1",
      "resolved": "https://registry.npmjs.org/through2/-/through2-0.5.1.tgz",
      "integrity": "sha1-390BLrnHAOIyP9M084rGIqs3Lac=",
      "requires": {
        "readable-stream": "~1.0.17",
        "xtend": "~3.0.0"
      },
      "dependencies": {
        "readable-stream": {
          "version": "1.0.34",
          "resolved": "https://registry.npmjs.org/readable-stream/-/readable-stream-1.0.34.tgz",
          "integrity": "sha1-Elgg40vIQtLyqq+v5MKRbuMsFXw=",
          "requires": {
            "core-util-is": "~1.0.0",
            "inherits": "~2.0.1",
            "isarray": "0.0.1",
            "string_decoder": "~0.10.x"
          }
        },
        "xtend": {
          "version": "3.0.0",
          "resolved": "https://registry.npmjs.org/xtend/-/xtend-3.0.0.tgz",
          "integrity": "sha1-XM50B7r2Qsunvs2laBEcST9ZZlo="
        }
      }
    },
    "to-fast-properties": {
      "version": "1.0.3",
      "resolved": "https://registry.npmjs.org/to-fast-properties/-/to-fast-properties-1.0.3.tgz",
      "integrity": "sha1-uDVx+k2MJbguIxsG46MFXeTKGkc="
    },
    "trim-right": {
      "version": "1.0.1",
      "resolved": "https://registry.npmjs.org/trim-right/-/trim-right-1.0.1.tgz",
      "integrity": "sha1-yy4SAwZ+DI3h9hQJS5/kVwTqYAM="
    },
    "try-resolve": {
      "version": "1.0.1",
      "resolved": "https://registry.npmjs.org/try-resolve/-/try-resolve-1.0.1.tgz",
      "integrity": "sha1-z95vq9ctY+V5fPqrhzq76OcA6RI="
    },
    "tryor": {
      "version": "0.1.2",
      "resolved": "https://registry.npmjs.org/tryor/-/tryor-0.1.2.tgz",
      "integrity": "sha1-gUXkynyv9ArN48z5Rui4u3W0Fys="
    },
    "user-home": {
      "version": "1.1.1",
      "resolved": "https://registry.npmjs.org/user-home/-/user-home-1.1.1.tgz",
      "integrity": "sha1-K1viOjK2Onyd640PKNSFcko98ZA="
    },
    "visualwidth": {
      "version": "0.0.1",
      "resolved": "https://registry.npmjs.org/visualwidth/-/visualwidth-0.0.1.tgz",
      "integrity": "sha1-I3Z1q5pyEVY5JrpjMJRYx9qRWrc="
    },
    "window-size": {
      "version": "0.1.4",
      "resolved": "https://registry.npmjs.org/window-size/-/window-size-0.1.4.tgz",
      "integrity": "sha1-+OGqHuWlPsW/FR/6CXQqatdpeHY="
    },
    "wordwrap": {
      "version": "0.0.2",
      "resolved": "https://registry.npmjs.org/wordwrap/-/wordwrap-0.0.2.tgz",
      "integrity": "sha1-t5Zpu0LstAn4PVg8rVLKF+qhZD8="
    },
    "wrappy": {
      "version": "1.0.2",
      "resolved": "https://registry.npmjs.org/wrappy/-/wrappy-1.0.2.tgz",
      "integrity": "sha1-tSQ9jz7BqjXxNkYFvA0QNuMKtp8="
    },
    "x256": {
      "version": "0.0.2",
      "resolved": "https://registry.npmjs.org/x256/-/x256-0.0.2.tgz",
      "integrity": "sha1-ya8Yh296F1gB1WT+cK2egxd4STQ="
    },
    "xtend": {
      "version": "4.0.2",
      "resolved": "https://registry.npmjs.org/xtend/-/xtend-4.0.2.tgz",
      "integrity": "sha512-LKYU1iAXJXUgAXn9URjiu+MWhyUXHsvfp7mcuYm9dSUKK0/CjtrUwFAxD82/mCWbtLsGjFIad0wIsod4zrTAEQ=="
    },
    "y18n": {
      "version": "3.2.2",
      "resolved": "https://registry.npmjs.org/y18n/-/y18n-3.2.2.tgz",
      "integrity": "sha512-uGZHXkHnhF0XeeAPgnKfPv1bgKAYyVvmNL1xlKsPYZPaIHxGti2hHqvOCQv71XMsLxu1QjergkqogUnms5D3YQ=="
    },
    "yargs": {
      "version": "3.27.0",
      "resolved": "https://registry.npmjs.org/yargs/-/yargs-3.27.0.tgz",
      "integrity": "sha1-ISBUaTFuk5Ex1Z8toMbX+YIh6kA=",
      "requires": {
        "camelcase": "^1.2.1",
        "cliui": "^2.1.0",
        "decamelize": "^1.0.0",
        "os-locale": "^1.4.0",
        "window-size": "^0.1.2",
        "y18n": "^3.2.0"
      }
    }
  }
}
